Microsoft Visual Studio Solution File, Format Version 12.00
# Visual Studio Version 17
VisualStudioVersion = 17.4.33205.214
MinimumVisualStudioVersion = 10.0.40219.1
Project("{9A19103F-16F7-4668-BE54-9A1E7A4F7556}") = "DemoAutoMapper", "DemoAutoMapper\DemoAutoMapper.csproj", "{A64F2F34-2860-4B4E-BCBC-C2C51BF87527}"
EndProject
Project("{9A19103F-16F7-4668-BE54-9A1E7A4F7556}") = "DemoReactive", "DemoReactive\DemoReactive.csproj", "{003EDD84-41F6-4473-A981-C247CA6D890E}"
EndProject
Project("{9A19103F-16F7-4668-BE54-9A1E7A4F7556}") = "DemoRestSharp", "DemoRestSharp\DemoRestSharp.csproj", "{ABDD7B6A-1CDE-4FE5-A2B3-CDFC35894AB5}"
EndProject
Project("{9A19103F-16F7-4668-BE54-9A1E7A4F7556}") = "DemoItext7", "DemoItext7\DemoItext7.csproj", "{1DCDD1A8-4374-48B8-8D67-40F791441229}"
EndProject
Project("{9A19103F-16F7-4668-BE54-9A1E7A4F7556}") = "DemoExpression", "DemoExpression\DemoExpression.csproj", "{7A0FB784-00D3-4059-B58F-3A85B987BFD1}"
EndProject
Project("{9A19103F-16F7-4668-BE54-9A1E7A4F7556}") = "DemoNCrontab", "DemoNCrontab\DemoNCrontab.csproj", "{71757A74-30A4-49B0-942A-99429EB2154A}"
EndProject
Project("{9A19103F-16F7-4668-BE54-9A1E7A4F7556}") = "DemoNAudio", "DemoNAudio\DemoNAudio.csproj", "{2A169744-E574-4D52-9D06-F27397F363FB}"
EndProject
Project("{9A19103F-16F7-4668-BE54-9A1E7A4F7556}") = "DemoHttpWebRequest", "DemoHttpWebRequest\DemoHttpWebRequest.csproj", "{703B1372-7605-43FF-9DCB-A8BEE39172EA}"
EndProject
Project("{9A19103F-16F7-4668-BE54-9A1E7A4F7556}") = "DemoObjectPool", "DemoObjectPool\DemoObjectPool.csproj", "{191717B8-AAC6-4734-8029-2712C409BFC3}"
EndProject
Project("{9A19103F-16F7-4668-BE54-9A1E7A4F7556}") = "DemoDrawingCommon", "DemoDrawingCommon\DemoDrawingCommon.csproj", "{9D79583B-35EC-4928-B3CC-59DC41B49D58}"
EndProject
Project("{9A19103F-16F7-4668-BE54-9A1E7A4F7556}") = "DemoMediatR", "DemoMediatR\DemoMediatR.csproj", "{DEBC5E41-482C-4C41-83D0-C33E3920B9FC}"
EndProject
Project("{9A19103F-16F7-4668-BE54-9A1E7A4F7556}") = "DemoDocumentFormatOpenXml", "DemoDocumentFormatOpenXml\DemoDocumentFormatOpenXml.csproj", "{76392B60-BF61-47D9-9718-9C762C13D1F5}"
EndProject
Project("{FAE04EC0-301F-11D3-BF4B-00C04F79EFBC}") = "DemoFluentValidation", "DemoFluentValidation\DemoFluentValidation.csproj", "{DB1134FE-8A33-4AE9-91DF-6E7E34822CF2}"
EndProject
Project("{FAE04EC0-301F-11D3-BF4B-00C04F79EFBC}") = "DemoContext", "DemoContext\DemoContext.csproj", "{161B12D1-64E9-4218-BD43-2C4F2E75A159}"
EndProject
Global
	GlobalSection(SolutionConfigurationPlatforms) = preSolution
		Debug|Any CPU = Debug|Any CPU
		Release|Any CPU = Release|Any CPU
	EndGlobalSection
	GlobalSection(ProjectConfigurationPlatforms) = postSolution
		{A64F2F34-2860-4B4E-BCBC-C2C51BF87527}.Debug|Any CPU.ActiveCfg = Debug|Any CPU
		{A64F2F34-2860-4B4E-BCBC-C2C51BF87527}.Debug|Any CPU.Build.0 = Debug|Any CPU
		{A64F2F34-2860-4B4E-BCBC-C2C51BF87527}.Release|Any CPU.ActiveCfg = Release|Any CPU
		{A64F2F34-2860-4B4E-BCBC-C2C51BF87527}.Release|Any CPU.Build.0 = Release|Any CPU
		{003EDD84-41F6-4473-A981-C247CA6D890E}.Debug|Any CPU.ActiveCfg = Debug|Any CPU
		{003EDD84-41F6-4473-A981-C247CA6D890E}.Debug|Any CPU.Build.0 = Debug|Any CPU
		{003EDD84-41F6-4473-A981-C247CA6D890E}.Release|Any CPU.ActiveCfg = Release|Any CPU
		{003EDD84-41F6-4473-A981-C247CA6D890E}.Release|Any CPU.Build.0 = Release|Any CPU
		{ABDD7B6A-1CDE-4FE5-A2B3-CDFC35894AB5}.Debug|Any CPU.ActiveCfg = Debug|Any CPU
		{ABDD7B6A-1CDE-4FE5-A2B3-CDFC35894AB5}.Debug|Any CPU.Build.0 = Debug|Any CPU
		{ABDD7B6A-1CDE-4FE5-A2B3-CDFC35894AB5}.Release|Any CPU.ActiveCfg = Release|Any CPU
		{ABDD7B6A-1CDE-4FE5-A2B3-CDFC35894AB5}.Release|Any CPU.Build.0 = Release|Any CPU
		{1DCDD1A8-4374-48B8-8D67-40F791441229}.Debug|Any CPU.ActiveCfg = Debug|Any CPU
		{1DCDD1A8-4374-48B8-8D67-40F791441229}.Debug|Any CPU.Build.0 = Debug|Any CPU
		{1DCDD1A8-4374-48B8-8D67-40F791441229}.Release|Any CPU.ActiveCfg = Release|Any CPU
		{1DCDD1A8-4374-48B8-8D67-40F791441229}.Release|Any CPU.Build.0 = Release|Any CPU
		{7A0FB784-00D3-4059-B58F-3A85B987BFD1}.Debug|Any CPU.ActiveCfg = Debug|Any CPU
		{7A0FB784-00D3-4059-B58F-3A85B987BFD1}.Debug|Any CPU.Build.0 = Debug|Any CPU
		{7A0FB784-00D3-4059-B58F-3A85B987BFD1}.Release|Any CPU.ActiveCfg = Release|Any CPU
		{7A0FB784-00D3-4059-B58F-3A85B987BFD1}.Release|Any CPU.Build.0 = Release|Any CPU
		{71757A74-30A4-49B0-942A-99429EB2154A}.Debug|Any CPU.ActiveCfg = Debug|Any CPU
		{71757A74-30A4-49B0-942A-99429EB2154A}.Debug|Any CPU.Build.0 = Debug|Any CPU
		{71757A74-30A4-49B0-942A-99429EB2154A}.Release|Any CPU.ActiveCfg = Release|Any CPU
		{71757A74-30A4-49B0-942A-99429EB2154A}.Release|Any CPU.Build.0 = Release|Any CPU
		{2A169744-E574-4D52-9D06-F27397F363FB}.Debug|Any CPU.ActiveCfg = Debug|Any CPU
		{2A169744-E574-4D52-9D06-F27397F363FB}.Debug|Any CPU.Build.0 = Debug|Any CPU
		{2A169744-E574-4D52-9D06-F27397F363FB}.Release|Any CPU.ActiveCfg = Release|Any CPU
		{2A169744-E574-4D52-9D06-F27397F363FB}.Release|Any CPU.Build.0 = Release|Any CPU
		{703B1372-7605-43FF-9DCB-A8BEE39172EA}.Debug|Any CPU.ActiveCfg = Debug|Any CPU
		{703B1372-7605-43FF-9DCB-A8BEE39172EA}.Debug|Any CPU.Build.0 = Debug|Any CPU
		{703B1372-7605-43FF-9DCB-A8BEE39172EA}.Release|Any CPU.ActiveCfg = Release|Any CPU
		{703B1372-7605-43FF-9DCB-A8BEE39172EA}.Release|Any CPU.Build.0 = Release|Any CPU
		{191717B8-AAC6-4734-8029-2712C409BFC3}.Debug|Any CPU.ActiveCfg = Debug|Any CPU
		{191717B8-AAC6-4734-8029-2712C409BFC3}.Debug|Any CPU.Build.0 = Debug|Any CPU
		{191717B8-AAC6-4734-8029-2712C409BFC3}.Release|Any CPU.ActiveCfg = Release|Any CPU
		{191717B8-AAC6-4734-8029-2712C409BFC3}.Release|Any CPU.Build.0 = Release|Any CPU
		{9D79583B-35EC-4928-B3CC-59DC41B49D58}.Debug|Any CPU.ActiveCfg = Debug|Any CPU
		{9D79583B-35EC-4928-B3CC-59DC41B49D58}.Debug|Any CPU.Build.0 = Debug|Any CPU
		{9D79583B-35EC-4928-B3CC-59DC41B49D58}.Release|Any CPU.ActiveCfg = Release|Any CPU
		{9D79583B-35EC-4928-B3CC-59DC41B49D58}.Release|Any CPU.Build.0 = Release|Any CPU
		{DEBC5E41-482C-4C41-83D0-C33E3920B9FC}.Debug|Any CPU.ActiveCfg = Debug|Any CPU
		{DEBC5E41-482C-4C41-83D0-C33E3920B9FC}.Debug|Any CPU.Build.0 = Debug|Any CPU
		{DEBC5E41-482C-4C41-83D0-C33E3920B9FC}.Release|Any CPU.ActiveCfg = Release|Any CPU
		{DEBC5E41-482C-4C41-83D0-C33E3920B9FC}.Release|Any CPU.Build.0 = Release|Any CPU
		{76392B60-BF61-47D9-9718-9C762C13D1F5}.Debug|Any CPU.ActiveCfg = Debug|Any CPU
		{76392B60-BF61-47D9-9718-9C762C13D1F5}.Debug|Any CPU.Build.0 = Debug|Any CPU
		{76392B60-BF61-47D9-9718-9C762C13D1F5}.Release|Any CPU.ActiveCfg = Release|Any CPU
		{76392B60-BF61-47D9-9718-9C762C13D1F5}.Release|Any CPU.Build.0 = Release|Any CPU
		{DB1134FE-8A33-4AE9-91DF-6E7E34822CF2}.Debug|Any CPU.ActiveCfg = Debug|Any CPU
		{DB1134FE-8A33-4AE9-91DF-6E7E34822CF2}.Debug|Any CPU.Build.0 = Debug|Any CPU
		{DB1134FE-8A33-4AE9-91DF-6E7E34822CF2}.Release|Any CPU.ActiveCfg = Release|Any CPU
		{DB1134FE-8A33-4AE9-91DF-6E7E34822CF2}.Release|Any CPU.Build.0 = Release|Any CPU
		{161B12D1-64E9-4218-BD43-2C4F2E75A159}.Debug|Any CPU.ActiveCfg = Debug|Any CPU
		{161B12D1-64E9-4218-BD43-2C4F2E75A159}.Debug|Any CPU.Build.0 = Debug|Any CPU
		{161B12D1-64E9-4218-BD43-2C4F2E75A159}.Release|Any CPU.ActiveCfg = Release|Any CPU
		{161B12D1-64E9-4218-BD43-2C4F2E75A159}.Release|Any CPU.Build.0 = Release|Any CPU
	EndGlobalSection
	GlobalSection(SolutionProperties) = preSolution
		HideSolutionNode = FALSE
	EndGlobalSection
	GlobalSection(ExtensibilityGlobals) = postSolution
		SolutionGuid = {D961A90E-7F81-450A-B5D9-ACD9DF35F8AA}
	EndGlobalSection
EndGlobal
